dependencies:
  espressif/esp32-camera:
    component_hash: e00e75c24164b5d097bf98f325938558697916a0cb6b68872b9927587b46882a
    source:
      service_url: https://api.components.espressif.com/
      type: service
    version: 2.0.8
  idf:
    component_hash: null
    source:
      type: idf
    version: 5.1.2
manifest_hash: a52a36b91c029882f67c479d2b98c6c46b3b107005c86ce02d3326ee91547da2
target: esp32
version: 1.0.0
